
Microsoft Visual Studio Solution File, Format Version 12.00
# Visual Studio Version 16
VisualStudioVersion = 16.0.30523.141
MinimumVisualStudioVersion = 10.0.40219.1
Project("{9A19103F-16F7-4668-BE54-9A1E7A4F7556}") = "Module1", "Module1\Module1.csproj", "{BF93D726-D49C-46CA-9EE6-DD7A961BEA68}"
EndProject
Project("{9A19103F-16F7-4668-BE54-9A1E7A4F7556}") = "Module2", "Module2\Module2.csproj", "{3D7EA3B0-2961-4F3A-A4EE-B4FD97889332}"
EndProject
Project("{9A19103F-16F7-4668-BE54-9A1E7A4F7556}") = "Module3", "Module3\Module3.csproj", "{4DB2658B-286C-4432-9B5B-6454074C323F}"
EndProject
Project("{9A19103F-16F7-4668-BE54-9A1E7A4F7556}") = "Module3.1", "Module3.1\Module3.1.csproj", "{0C9AD841-1480-45CC-AACA-BDAF05E138F4}"
EndProject
Project("{9A19103F-16F7-4668-BE54-9A1E7A4F7556}") = "Module3.2", "Module3.2\Module3.2.csproj", "{3E92E306-C769-49B6-991B-9ED6CEEB4BBE}"
EndProject
Project("{FAE04EC0-301F-11D3-BF4B-00C04F79EFBC}") = "Module3.3", "Module4\Module3.3.csproj", "{3F98DCCD-C45C-4B6A-A375-78D94BCEF562}"
EndProject
Project("{9A19103F-16F7-4668-BE54-9A1E7A4F7556}") = "Module4", "Module4\Module4.csproj", "{B4FCA975-6F11-416E-B9F6-19D4B39FE9BA}"
EndProject
Project("{9A19103F-16F7-4668-BE54-9A1E7A4F7556}") = "Module4_JSONAndXML_Configuration", "Module4_JSONAndXML_Configuration\Module4_JSONAndXML_Configuration.csproj", "{BCF31069-089A-42F4-A113-57A54A648468}"
EndProject
Project("{FAE04EC0-301F-11D3-BF4B-00C04F79EFBC}") = "Module5_RegistrationSources", "Module5_RegistrationSources\Module5_RegistrationSources.csproj", "{8CF8234A-5EEB-44C6-9DFA-0253B9ACBB39}"
EndProject
Project("{FAE04EC0-301F-11D3-BF4B-00C04F79EFBC}") = "Module5_Adapters", "Module5_Adapters\Module5_Adapters.csproj", "{D6E80A71-9197-4E99-9588-8A1DBA1858DB}"
EndProject
Global
	GlobalSection(SolutionConfigurationPlatforms) = preSolution
		Debug|Any CPU = Debug|Any CPU
		Release|Any CPU = Release|Any CPU
	EndGlobalSection
	GlobalSection(ProjectConfigurationPlatforms) = postSolution
		{BF93D726-D49C-46CA-9EE6-DD7A961BEA68}.Debug|Any CPU.ActiveCfg = Debug|Any CPU
		{BF93D726-D49C-46CA-9EE6-DD7A961BEA68}.Debug|Any CPU.Build.0 = Debug|Any CPU
		{BF93D726-D49C-46CA-9EE6-DD7A961BEA68}.Release|Any CPU.ActiveCfg = Release|Any CPU
		{BF93D726-D49C-46CA-9EE6-DD7A961BEA68}.Release|Any CPU.Build.0 = Release|Any CPU
		{3D7EA3B0-2961-4F3A-A4EE-B4FD97889332}.Debug|Any CPU.ActiveCfg = Debug|Any CPU
		{3D7EA3B0-2961-4F3A-A4EE-B4FD97889332}.Debug|Any CPU.Build.0 = Debug|Any CPU
		{3D7EA3B0-2961-4F3A-A4EE-B4FD97889332}.Release|Any CPU.ActiveCfg = Release|Any CPU
		{3D7EA3B0-2961-4F3A-A4EE-B4FD97889332}.Release|Any CPU.Build.0 = Release|Any CPU
		{4DB2658B-286C-4432-9B5B-6454074C323F}.Debug|Any CPU.ActiveCfg = Debug|Any CPU
		{4DB2658B-286C-4432-9B5B-6454074C323F}.Debug|Any CPU.Build.0 = Debug|Any CPU
		{4DB2658B-286C-4432-9B5B-6454074C323F}.Release|Any CPU.ActiveCfg = Release|Any CPU
		{4DB2658B-286C-4432-9B5B-6454074C323F}.Release|Any CPU.Build.0 = Release|Any CPU
		{0C9AD841-1480-45CC-AACA-BDAF05E138F4}.Debug|Any CPU.ActiveCfg = Debug|Any CPU
		{0C9AD841-1480-45CC-AACA-BDAF05E138F4}.Debug|Any CPU.Build.0 = Debug|Any CPU
		{0C9AD841-1480-45CC-AACA-BDAF05E138F4}.Release|Any CPU.ActiveCfg = Release|Any CPU
		{0C9AD841-1480-45CC-AACA-BDAF05E138F4}.Release|Any CPU.Build.0 = Release|Any CPU
		{3E92E306-C769-49B6-991B-9ED6CEEB4BBE}.Debug|Any CPU.ActiveCfg = Debug|Any CPU
		{3E92E306-C769-49B6-991B-9ED6CEEB4BBE}.Debug|Any CPU.Build.0 = Debug|Any CPU
		{3E92E306-C769-49B6-991B-9ED6CEEB4BBE}.Release|Any CPU.ActiveCfg = Release|Any CPU
		{3E92E306-C769-49B6-991B-9ED6CEEB4BBE}.Release|Any CPU.Build.0 = Release|Any CPU
		{3F98DCCD-C45C-4B6A-A375-78D94BCEF562}.Debug|Any CPU.ActiveCfg = Debug|Any CPU
		{3F98DCCD-C45C-4B6A-A375-78D94BCEF562}.Debug|Any CPU.Build.0 = Debug|Any CPU
		{3F98DCCD-C45C-4B6A-A375-78D94BCEF562}.Release|Any CPU.ActiveCfg = Release|Any CPU
		{3F98DCCD-C45C-4B6A-A375-78D94BCEF562}.Release|Any CPU.Build.0 = Release|Any CPU
		{B4FCA975-6F11-416E-B9F6-19D4B39FE9BA}.Debug|Any CPU.ActiveCfg = Debug|Any CPU
		{B4FCA975-6F11-416E-B9F6-19D4B39FE9BA}.Debug|Any CPU.Build.0 = Debug|Any CPU
		{B4FCA975-6F11-416E-B9F6-19D4B39FE9BA}.Release|Any CPU.ActiveCfg = Release|Any CPU
		{B4FCA975-6F11-416E-B9F6-19D4B39FE9BA}.Release|Any CPU.Build.0 = Release|Any CPU
		{BCF31069-089A-42F4-A113-57A54A648468}.Debug|Any CPU.ActiveCfg = Debug|Any CPU
		{BCF31069-089A-42F4-A113-57A54A648468}.Debug|Any CPU.Build.0 = Debug|Any CPU
		{BCF31069-089A-42F4-A113-57A54A648468}.Release|Any CPU.ActiveCfg = Release|Any CPU
		{BCF31069-089A-42F4-A113-57A54A648468}.Release|Any CPU.Build.0 = Release|Any CPU
		{8CF8234A-5EEB-44C6-9DFA-0253B9ACBB39}.Debug|Any CPU.ActiveCfg = Debug|Any CPU
		{8CF8234A-5EEB-44C6-9DFA-0253B9ACBB39}.Debug|Any CPU.Build.0 = Debug|Any CPU
		{8CF8234A-5EEB-44C6-9DFA-0253B9ACBB39}.Release|Any CPU.ActiveCfg = Release|Any CPU
		{8CF8234A-5EEB-44C6-9DFA-0253B9ACBB39}.Release|Any CPU.Build.0 = Release|Any CPU
		{D6E80A71-9197-4E99-9588-8A1DBA1858DB}.Debug|Any CPU.ActiveCfg = Debug|Any CPU
		{D6E80A71-9197-4E99-9588-8A1DBA1858DB}.Debug|Any CPU.Build.0 = Debug|Any CPU
		{D6E80A71-9197-4E99-9588-8A1DBA1858DB}.Release|Any CPU.ActiveCfg = Release|Any CPU
		{D6E80A71-9197-4E99-9588-8A1DBA1858DB}.Release|Any CPU.Build.0 = Release|Any CPU
	EndGlobalSection
	GlobalSection(SolutionProperties) = preSolution
		HideSolutionNode = FALSE
	EndGlobalSection
	GlobalSection(ExtensibilityGlobals) = postSolution
		SolutionGuid = {ACF8515A-D7E9-484B-B289-9006EE0855D4}
	EndGlobalSection
EndGlobal
